
Microsoft Visual Studio Solution File, Format Version 12.00
# Visual Studio 15
VisualStudioVersion = 15.0.26730.8
MinimumVisualStudioVersion = 10.0.40219.1
Project("{FAE04EC0-301F-11D3-BF4B-00C04F79EFBC}") = "HigherEducation", "HigherEducation\HigherEducation.csproj", "{921D23B1-C48D-4D7E-8AC4-E93DA38C6EAB}"
EndProject
Global
	GlobalSection(SolutionConfigurationPlatforms) = preSolution
		Debug|Any CPU = Debug|Any CPU
		Release|Any CPU = Release|Any CPU
	EndGlobalSection
	GlobalSection(ProjectConfigurationPlatforms) = postSolution
		{921D23B1-C48D-4D7E-8AC4-E93DA38C6EAB}.Debug|Any CPU.ActiveCfg = Debug|Any CPU
		{921D23B1-C48D-4D7E-8AC4-E93DA38C6EAB}.Debug|Any CPU.Build.0 = Debug|Any CPU
		{921D23B1-C48D-4D7E-8AC4-E93DA38C6EAB}.Release|Any CPU.ActiveCfg = Release|Any CPU
		{921D23B1-C48D-4D7E-8AC4-E93DA38C6EAB}.Release|Any CPU.Build.0 = Release|Any CPU
	EndGlobalSection
	GlobalSection(SolutionProperties) = preSolution
		HideSolutionNode = FALSE
	EndGlobalSection
	GlobalSection(ExtensibilityGlobals) = postSolution
		SolutionGuid = {4F0A951A-FD92-4326-953D-B50C99CD2C04}
	EndGlobalSection
EndGlobal
